
Microsoft Visual Studio Solution File, Format Version 12.00
# Visual Studio Version 16
VisualStudioVersion = 16.0.29215.179
MinimumVisualStudioVersion = 10.0.40219.1
Project("{FAE04EC0-301F-11D3-BF4B-00C04F79EFBC}") = "SportsStore", "SportsStore.csproj", "{CE12BD57-6B1C-4A69-8485-C1ADAF5E2C19}"
EndProject
Project("{FAE04EC0-301F-11D3-BF4B-00C04F79EFBC}") = "SportsStore.Tests", "..\SportsStore.Tests\SportsStore.Tests.csproj", "{F66F545B-753E-4B59-9C7E-C1769EE80CEB}"
EndProject
Global
	GlobalSection(SolutionConfigurationPlatforms) = preSolution
		Debug|Any CPU = Debug|Any CPU
		Release|Any CPU = Release|Any CPU
	EndGlobalSection
	GlobalSection(ProjectConfigurationPlatforms) = postSolution
		{CE12BD57-6B1C-4A69-8485-C1ADAF5E2C19}.Debug|Any CPU.ActiveCfg = Debug|Any CPU
		{CE12BD57-6B1C-4A69-8485-C1ADAF5E2C19}.Debug|Any CPU.Build.0 = Debug|Any CPU
		{CE12BD57-6B1C-4A69-8485-C1ADAF5E2C19}.Release|Any CPU.ActiveCfg = Release|Any CPU
		{CE12BD57-6B1C-4A69-8485-C1ADAF5E2C19}.Release|Any CPU.Build.0 = Release|Any CPU
		{F66F545B-753E-4B59-9C7E-C1769EE80CEB}.Debug|Any CPU.ActiveCfg = Debug|Any CPU
		{F66F545B-753E-4B59-9C7E-C1769EE80CEB}.Debug|Any CPU.Build.0 = Debug|Any CPU
		{F66F545B-753E-4B59-9C7E-C1769EE80CEB}.Release|Any CPU.ActiveCfg = Release|Any CPU
		{F66F545B-753E-4B59-9C7E-C1769EE80CEB}.Release|Any CPU.Build.0 = Release|Any CPU
	EndGlobalSection
	GlobalSection(SolutionProperties) = preSolution
		HideSolutionNode = FALSE
	EndGlobalSection
	GlobalSection(ExtensibilityGlobals) = postSolution
		SolutionGuid = {52E45C3E-E610-4BFA-BE8F-D1DAB21BE3B6}
	EndGlobalSection
EndGlobal
